
Microsoft Visual Studio Solution File, Format Version 12.00
# Visual Studio Version 17
VisualStudioVersion = 17.4.33205.214
MinimumVisualStudioVersion = 10.0.40219.1
Project("{FAE04EC0-301F-11D3-BF4B-00C04F79EFBC}") = "Homework1", "Homework1\Homework1.csproj", "{F156D495-78D7-486F-A05B-7588B2325655}"
EndProject
Global
	GlobalSection(SolutionConfigurationPlatforms) = preSolution
		Debug|Any CPU = Debug|Any CPU
		Release|Any CPU = Release|Any CPU
	EndGlobalSection
	GlobalSection(ProjectConfigurationPlatforms) = postSolution
		{F156D495-78D7-486F-A05B-7588B2325655}.Debug|Any CPU.ActiveCfg = Debug|Any CPU
		{F156D495-78D7-486F-A05B-7588B2325655}.Debug|Any CPU.Build.0 = Debug|Any CPU
		{F156D495-78D7-486F-A05B-7588B2325655}.Release|Any CPU.ActiveCfg = Release|Any CPU
		{F156D495-78D7-486F-A05B-7588B2325655}.Release|Any CPU.Build.0 = Release|Any CPU
	EndGlobalSection
	GlobalSection(SolutionProperties) = preSolution
		HideSolutionNode = FALSE
	EndGlobalSection
	GlobalSection(ExtensibilityGlobals) = postSolution
		SolutionGuid = {2A4B3C3D-0476-4A8C-8DE2-9FFB9446C2DD}
	EndGlobalSection
EndGlobal
